// !$*UTF8*$!
{
	archiveVersion = 1;
	classes = {
	};
	objectVersion = 46;
	objects = {

/* Begin PBXBuildFile section */
		C192477515F5BD7800FD57BC /* main.c in Sources */ = {isa = PBXBuildFile; fileRef = C192477415F5BD7800FD57BC /* main.c */; };
		C192477E15F5BF0C00FD57BC /* com.dapetcu21.BetterFinderUninstaller in Copy Files (2 items) */ = {isa = PBXBuildFile; fileRef = C192477115F5BD7800FD57BC /* com.dapetcu21.BetterFinderUninstaller */; };
		C192478A15F5F2C000FD57BC /* BFPrefPaneHooks.m in Sources */ = {isa = PBXBuildFile; fileRef = C192478915F5F2C000FD57BC /* BFPrefPaneHooks.m */; };
		C19E052115F4F72B00BF5DAD /* Cocoa.framework in Frameworks */ = {isa = PBXBuildFile; fileRef = C19E052015F4F72B00BF5DAD /* Cocoa.framework */; };
		C19E052B15F4F72B00BF5DAD /* InfoPlist.strings in Resources */ = {isa = PBXBuildFile; fileRef = C19E052915F4F72B00BF5DAD /* InfoPlist.strings */; };
		C19E052D15F4F72B00BF5DAD /* main.m in Sources */ = {isa = PBXBuildFile; fileRef = C19E052C15F4F72B00BF5DAD /* main.m */; };
		C19E053E15F4F74F00BF5DAD /* mach_inject_bundle.framework in Frameworks */ = {isa = PBXBuildFile; fileRef = C19E053D15F4F74F00BF5DAD /* mach_inject_bundle.framework */; };
		C19E054015F4F77800BF5DAD /* mach_inject_bundle.framework in CopyFiles */ = {isa = PBXBuildFile; fileRef = C19E053D15F4F74F00BF5DAD /* mach_inject_bundle.framework */; };
		C19E055515F5065800BF5DAD /* Cocoa.framework in Frameworks */ = {isa = PBXBuildFile; fileRef = C19E052015F4F72B00BF5DAD /* Cocoa.framework */; };
		C19E055B15F5065800BF5DAD /* InfoPlist.strings in Resources */ = {isa = PBXBuildFile; fileRef = C19E055915F5065800BF5DAD /* InfoPlist.strings */; };
		C19E056015F506E900BF5DAD /* BetterFinder-injected.bundle in Resources */ = {isa = PBXBuildFile; fileRef = C19E055415F5065800BF5DAD /* BetterFinder-injected.bundle */; };
		C19E056415F507AE00BF5DAD /* BetterFinder.m in Sources */ = {isa = PBXBuildFile; fileRef = C19E056315F507AE00BF5DAD /* BetterFinder.m */; };
		C19E057615F528DB00BF5DAD /* Installer.xib in Resources */ = {isa = PBXBuildFile; fileRef = C19E057515F528DB00BF5DAD /* Installer.xib */; };
		C1B7753A15F57A5F00ACDF06 /* com.dapetcu21.BetterFinderDaemon in Copy Files (2 items) */ = {isa = PBXBuildFile; fileRef = C1C1CFFF15F576ED0053040B /* com.dapetcu21.BetterFinderDaemon */; };
		C1B7753E15F57C4E00ACDF06 /* ServiceManagement.framework in Frameworks */ = {isa = PBXBuildFile; fileRef = C1B7753D15F57C4E00ACDF06 /* ServiceManagement.framework */; };
		C1C1CFF015F5587B0053040B /* AppDelegate.m in Sources */ = {isa = PBXBuildFile; fileRef = C1C1CFEF15F5587B0053040B /* AppDelegate.m */; };
		C1C1CFFA15F576C70053040B /* Security.framework in Frameworks */ = {isa = PBXBuildFile; fileRef = C1C1CFF615F567AB0053040B /* Security.framework */; };
		C1C1D00315F576ED0053040B /* main.c in Sources */ = {isa = PBXBuildFile; fileRef = C1C1D00215F576ED0053040B /* main.c */; };
/* End PBXBuildFile section */

/* Begin PBXContainerItemProxy section */
		C192477F15F5BF2500FD57BC /* PBXContainerItemProxy */ = {
			isa = PBXContainerItemProxy;
			containerPortal = C19E051315F4F72B00BF5DAD /* Project object */;
			proxyType = 1;
			remoteGlobalIDString = C192477015F5BD7800FD57BC;
			remoteInfo = BetterFinderUninstaller;
		};
		C19E056515F507F100BF5DAD /* PBXContainerItemProxy */ = {
			isa = PBXContainerItemProxy;
			containerPortal = C19E051315F4F72B00BF5DAD /* Project object */;
			proxyType = 1;
			remoteGlobalIDString = C19E055315F5065800BF5DAD;
			remoteInfo = "BetterFinder-injected";
		};
		C1B7753B15F57A6600ACDF06 /* PBXContainerItemProxy */ = {
			isa = PBXContainerItemProxy;
			containerPortal = C19E051315F4F72B00BF5DAD /* Project object */;
			proxyType = 1;
			remoteGlobalIDString = C1C1CFFE15F576ED0053040B;
			remoteInfo = BetterFinderDaemon;
		};
/* End PBXContainerItemProxy section */

/* Begin PBXCopyFilesBuildPhase section */
		C192476F15F5BD7800FD57BC /* CopyFiles */ = {
			isa = PBXCopyFilesBuildPhase;
			buildActionMask = 2147483647;
			dstPath = /usr/share/man/man1/;
			dstSubfolderSpec = 0;
			files = (
			);
			runOnlyForDeploymentPostprocessing = 1;
		};
		C19E053F15F4F76700BF5DAD /* CopyFiles */ = {
			isa = PBXCopyFilesBuildPhase;
			buildActionMask = 2147483647;
			dstPath = "";
			dstSubfolderSpec = 10;
			files = (
				C19E054015F4F77800BF5DAD /* mach_inject_bundle.framework in CopyFiles */,
			);
			runOnlyForDeploymentPostprocessing = 0;
		};
		C1B7753815F57A4E00ACDF06 /* Copy Files (2 items) */ = {
			isa = PBXCopyFilesBuildPhase;
			buildActionMask = 2147483647;
			dstPath = Contents/Library/LaunchServices;
			dstSubfolderSpec = 1;
			files = (
				C192477E15F5BF0C00FD57BC /* com.dapetcu21.BetterFinderUninstaller in Copy Files (2 items) */,
				C1B7753A15F57A5F00ACDF06 /* com.dapetcu21.BetterFinderDaemon in Copy Files (2 items) */,
			);
			name = "Copy Files (2 items)";
			runOnlyForDeploymentPostprocessing = 0;
		};
		C1C1CFFD15F576ED0053040B /* CopyFiles */ = {
			isa = PBXCopyFilesBuildPhase;
			buildActionMask = 2147483647;
			dstPath = /usr/share/man/man1/;
			dstSubfolderSpec = 0;
			files = (
			);
			runOnlyForDeploymentPostprocessing = 1;
		};
/* End PBXCopyFilesBuildPhase section */

/* Begin PBXFileReference section */
		C192477115F5BD7800FD57BC /* com.dapetcu21.BetterFinderUninstaller */ = {isa = PBXFileReference; explicitFileType = "compiled.mach-o.executable"; includeInIndex = 0; path = com.dapetcu21.BetterFinderUninstaller; sourceTree = BUILT_PRODUCTS_DIR; };
		C192477415F5BD7800FD57BC /* main.c */ = {isa = PBXFileReference; lastKnownFileType = sourcecode.c.c; path = main.c; sourceTree = "<group>"; };
		C192477C15F5BDA800FD57BC /* info.plist */ = {isa = PBXFileReference; fileEncoding = 4; lastKnownFileType = text.plist.xml; path = info.plist; sourceTree = "<group>"; };
		C192477D15F5BDA800FD57BC /* launchd.plist */ = {isa = PBXFileReference; fileEncoding = 4; lastKnownFileType = text.plist.xml; path = launchd.plist; sourceTree = "<group>"; };
		C192478815F5F2C000FD57BC /* BFPrefPaneHooks.h */ = {isa = PBXFileReference; fileEncoding = 4; lastKnownFileType = sourcecode.c.h; path = BFPrefPaneHooks.h; sourceTree = "<group>"; };
		C192478915F5F2C000FD57BC /* BFPrefPaneHooks.m */ = {isa = PBXFileReference; fileEncoding = 4; lastKnownFileType = sourcecode.c.objc; path = BFPrefPaneHooks.m; sourceTree = "<group>"; };
		C19E051C15F4F72B00BF5DAD /* BetterFinder.app */ = {isa = PBXFileReference; explicitFileType = wrapper.application; includeInIndex = 0; path = BetterFinder.app; sourceTree = BUILT_PRODUCTS_DIR; };
		C19E052015F4F72B00BF5DAD /* Cocoa.framework */ = {isa = PBXFileReference; lastKnownFileType = wrapper.framework; name = Cocoa.framework; path = System/Library/Frameworks/Cocoa.framework; sourceTree = SDKROOT; };
		C19E052315F4F72B00BF5DAD /* AppKit.framework */ = {isa = PBXFileReference; lastKnownFileType = wrapper.framework; name = AppKit.framework; path = System/Library/Frameworks/AppKit.framework; sourceTree = SDKROOT; };
		C19E052415F4F72B00BF5DAD /* CoreData.framework */ = {isa = PBXFileReference; lastKnownFileType = wrapper.framework; name = CoreData.framework; path = System/Library/Frameworks/CoreData.framework; sourceTree = SDKROOT; };
		C19E052515F4F72B00BF5DAD /* Foundation.framework */ = {isa = PBXFileReference; lastKnownFileType = wrapper.framework; name = Foundation.framework; path = System/Library/Frameworks/Foundation.framework; sourceTree = SDKROOT; };
		C19E052815F4F72B00BF5DAD /* BetterFinder-Info.plist */ = {isa = PBXFileReference; lastKnownFileType = text.plist.xml; path = "BetterFinder-Info.plist"; sourceTree = "<group>"; };
		C19E052A15F4F72B00BF5DAD /* en */ = {isa = PBXFileReference; lastKnownFileType = text.plist.strings; name = en; path = en.lproj/InfoPlist.strings; sourceTree = "<group>"; };
		C19E052C15F4F72B00BF5DAD /* main.m */ = {isa = PBXFileReference; lastKnownFileType = sourcecode.c.objc; path = main.m; sourceTree = "<group>"; };
		C19E053D15F4F74F00BF5DAD /* mach_inject_bundle.framework */ = {isa = PBXFileReference; lastKnownFileType = wrapper.framework; name = mach_inject_bundle.framework; path = BetterFinder/mach_inject_bundle.framework; sourceTree = "<group>"; };
		C19E055415F5065800BF5DAD /* BetterFinder-injected.bundle */ = {isa = PBXFileReference; explicitFileType = wrapper.cfbundle; includeInIndex = 0; path = "BetterFinder-injected.bundle"; sourceTree = BUILT_PRODUCTS_DIR; };
		C19E055815F5065800BF5DAD /* BetterFinder-injected-Info.plist */ = {isa = PBXFileReference; lastKnownFileType = text.plist.xml; path = "BetterFinder-injected-Info.plist"; sourceTree = "<group>"; };
		C19E055A15F5065800BF5DAD /* en */ = {isa = PBXFileReference; lastKnownFileType = text.plist.strings; name = en; path = en.lproj/InfoPlist.strings; sourceTree = "<group>"; };
		C19E055C15F5065800BF5DAD /* BetterFinder-injected-Prefix.pch */ = {isa = PBXFileReference; lastKnownFileType = sourcecode.c.h; path = "BetterFinder-injected-Prefix.pch"; sourceTree = "<group>"; };
		C19E056215F507AE00BF5DAD /* BetterFinder.h */ = {isa = PBXFileReference; fileEncoding = 4; lastKnownFileType = sourcecode.c.h; path = BetterFinder.h; sourceTree = "<group>"; };
		C19E056315F507AE00BF5DAD /* BetterFinder.m */ = {isa = PBXFileReference; fileEncoding = 4; lastKnownFileType = sourcecode.c.objc; path = BetterFinder.m; sourceTree = "<group>"; };
		C19E057515F528DB00BF5DAD /* Installer.xib */ = {isa = PBXFileReference; fileEncoding = 4; lastKnownFileType = file.xib; path = Installer.xib; sourceTree = "<group>"; };
		C1B7753D15F57C4E00ACDF06 /* ServiceManagement.framework */ = {isa = PBXFileReference; lastKnownFileType = wrapper.framework; name = ServiceManagement.framework; path = System/Library/Frameworks/ServiceManagement.framework; sourceTree = SDKROOT; };
		C1C1CFEE15F5587B0053040B /* AppDelegate.h */ = {isa = PBXFileReference; fileEncoding = 4; lastKnownFileType = sourcecode.c.h; path = AppDelegate.h; sourceTree = "<group>"; };
		C1C1CFEF15F5587B0053040B /* AppDelegate.m */ = {isa = PBXFileReference; fileEncoding = 4; lastKnownFileType = sourcecode.c.objc; path = AppDelegate.m; sourceTree = "<group>"; };
		C1C1CFF615F567AB0053040B /* Security.framework */ = {isa = PBXFileReference; lastKnownFileType = wrapper.framework; name = Security.framework; path = System/Library/Frameworks/Security.framework; sourceTree = SDKROOT; };
		C1C1CFFF15F576ED0053040B /* com.dapetcu21.BetterFinderDaemon */ = {isa = PBXFileReference; explicitFileType = "compiled.mach-o.executable"; includeInIndex = 0; path = com.dapetcu21.BetterFinderDaemon; sourceTree = BUILT_PRODUCTS_DIR; };
		C1C1D00215F576ED0053040B /* main.c */ = {isa = PBXFileReference; lastKnownFileType = sourcecode.c.c; path = main.c; sourceTree = "<group>"; };
		C1C1D00915F577340053040B /* info.plist */ = {isa = PBXFileReference; fileEncoding = 4; lastKnownFileType = text.plist.xml; path = info.plist; sourceTree = "<group>"; };
		C1C1D00A15F577640053040B /* launchd.plist */ = {isa = PBXFileReference; fileEncoding = 4; lastKnownFileType = text.plist.xml; path = launchd.plist; sourceTree = "<group>"; };
/* End PBXFileReference section */

/* Begin PBXFrameworksBuildPhase section */
		C192476E15F5BD7800FD57BC /* Frameworks */ = {
			isa = PBXFrameworksBuildPhase;
			buildActionMask = 2147483647;
			files = (
			);
			runOnlyForDeploymentPostprocessing = 0;
		};
		C19E051915F4F72B00BF5DAD /* Frameworks */ = {
			isa = PBXFrameworksBuildPhase;
			buildActionMask = 2147483647;
			files = (
				C1B7753E15F57C4E00ACDF06 /* ServiceManagement.framework in Frameworks */,
				C19E052115F4F72B00BF5DAD /* Cocoa.framework in Frameworks */,
				C19E053E15F4F74F00BF5DAD /* mach_inject_bundle.framework in Frameworks */,
				C1C1CFFA15F576C70053040B /* Security.framework in Frameworks */,
			);
			runOnlyForDeploymentPostprocessing = 0;
		};
		C19E055115F5065800BF5DAD /* Frameworks */ = {
			isa = PBXFrameworksBuildPhase;
			buildActionMask = 2147483647;
			files = (
				C19E055515F5065800BF5DAD /* Cocoa.framework in Frameworks */,
			);
			runOnlyForDeploymentPostprocessing = 0;
		};
		C1C1CFFC15F576ED0053040B /* Frameworks */ = {
			isa = PBXFrameworksBuildPhase;
			buildActionMask = 2147483647;
			files = (
			);
			runOnlyForDeploymentPostprocessing = 0;
		};
/* End PBXFrameworksBuildPhase section */

/* Begin PBXGroup section */
		C192477315F5BD7800FD57BC /* BetterFinderUninstaller */ = {
			isa = PBXGroup;
			children = (
				C192477C15F5BDA800FD57BC /* info.plist */,
				C192477D15F5BDA800FD57BC /* launchd.plist */,
				C192477415F5BD7800FD57BC /* main.c */,
			);
			path = BetterFinderUninstaller;
			sourceTree = "<group>";
		};
		C19E051115F4F72B00BF5DAD = {
			isa = PBXGroup;
			children = (
				C19E052615F4F72B00BF5DAD /* BetterFinder */,
				C1C1D00115F576ED0053040B /* BetterFinderDaemon */,
				C192477315F5BD7800FD57BC /* BetterFinderUninstaller */,
				C19E055615F5065800BF5DAD /* BetterFinder-injected */,
				C19E051F15F4F72B00BF5DAD /* Frameworks */,
				C19E051D15F4F72B00BF5DAD /* Products */,
			);
			sourceTree = "<group>";
		};
		C19E051D15F4F72B00BF5DAD /* Products */ = {
			isa = PBXGroup;
			children = (
				C19E051C15F4F72B00BF5DAD /* BetterFinder.app */,
				C19E055415F5065800BF5DAD /* BetterFinder-injected.bundle */,
				C1C1CFFF15F576ED0053040B /* com.dapetcu21.BetterFinderDaemon */,
				C192477115F5BD7800FD57BC /* com.dapetcu21.BetterFinderUninstaller */,
			);
			name = Products;
			sourceTree = "<group>";
		};
		C19E051F15F4F72B00BF5DAD /* Frameworks */ = {
			isa = PBXGroup;
			children = (
				C1B7753D15F57C4E00ACDF06 /* ServiceManagement.framework */,
				C1C1CFF615F567AB0053040B /* Security.framework */,
				C19E053D15F4F74F00BF5DAD /* mach_inject_bundle.framework */,
				C19E052015F4F72B00BF5DAD /* Cocoa.framework */,
				C19E052215F4F72B00BF5DAD /* Other Frameworks */,
			);
			name = Frameworks;
			sourceTree = "<group>";
		};
		C19E052215F4F72B00BF5DAD /* Other Frameworks */ = {
			isa = PBXGroup;
			children = (
				C19E052315F4F72B00BF5DAD /* AppKit.framework */,
				C19E052415F4F72B00BF5DAD /* CoreData.framework */,
				C19E052515F4F72B00BF5DAD /* Foundation.framework */,
			);
			name = "Other Frameworks";
			sourceTree = "<group>";
		};
		C19E052615F4F72B00BF5DAD /* BetterFinder */ = {
			isa = PBXGroup;
			children = (
				C19E057715F536CC00BF5DAD /* Sources */,
				C19E052715F4F72B00BF5DAD /* Supporting Files */,
			);
			path = BetterFinder;
			sourceTree = "<group>";
		};
		C19E052715F4F72B00BF5DAD /* Supporting Files */ = {
			isa = PBXGroup;
			children = (
				C19E052815F4F72B00BF5DAD /* BetterFinder-Info.plist */,
				C19E052915F4F72B00BF5DAD /* InfoPlist.strings */,
				C19E057515F528DB00BF5DAD /* Installer.xib */,
			);
			name = "Supporting Files";
			sourceTree = "<group>";
		};
		C19E055615F5065800BF5DAD /* BetterFinder-injected */ = {
			isa = PBXGroup;
			children = (
				C19E056115F5078F00BF5DAD /* Classes */,
				C19E055715F5065800BF5DAD /* Supporting Files */,
			);
			path = "BetterFinder-injected";
			sourceTree = "<group>";
		};
		C19E055715F5065800BF5DAD /* Supporting Files */ = {
			isa = PBXGroup;
			children = (
				C19E055815F5065800BF5DAD /* BetterFinder-injected-Info.plist */,
				C19E055915F5065800BF5DAD /* InfoPlist.strings */,
				C19E055C15F5065800BF5DAD /* BetterFinder-injected-Prefix.pch */,
			);
			name = "Supporting Files";
			sourceTree = "<group>";
		};
		C19E056115F5078F00BF5DAD /* Classes */ = {
			isa = PBXGroup;
			children = (
				C19E056215F507AE00BF5DAD /* BetterFinder.h */,
				C19E056315F507AE00BF5DAD /* BetterFinder.m */,
				C192478815F5F2C000FD57BC /* BFPrefPaneHooks.h */,
				C192478915F5F2C000FD57BC /* BFPrefPaneHooks.m */,
			);
			name = Classes;
			sourceTree = "<group>";
		};
		C19E057715F536CC00BF5DAD /* Sources */ = {
			isa = PBXGroup;
			children = (
				C1C1CFEE15F5587B0053040B /* AppDelegate.h */,
				C1C1CFEF15F5587B0053040B /* AppDelegate.m */,
				C19E052C15F4F72B00BF5DAD /* main.m */,
			);
			name = Sources;
			sourceTree = "<group>";
		};
		C1C1D00115F576ED0053040B /* BetterFinderDaemon */ = {
			isa = PBXGroup;
			children = (
				C1C1D00A15F577640053040B /* launchd.plist */,
				C1C1D00915F577340053040B /* info.plist */,
				C1C1D00215F576ED0053040B /* main.c */,
			);
			path = BetterFinderDaemon;
			sourceTree = "<group>";
		};
/* End PBXGroup section */

/* Begin PBXNativeTarget section */
		C192477015F5BD7800FD57BC /* BetterFinderUninstaller */ = {
			isa = PBXNativeTarget;
			buildConfigurationList = C192477A15F5BD7800FD57BC /* Build configuration list for PBXNativeTarget "BetterFinderUninstaller" */;
			buildPhases = (
				C192476D15F5BD7800FD57BC /* Sources */,
				C192476E15F5BD7800FD57BC /* Frameworks */,
				C192476F15F5BD7800FD57BC /* CopyFiles */,
			);
			buildRules = (
			);
			dependencies = (
			);
			name = BetterFinderUninstaller;
			productName = BetterFinderUninstaller;
			productReference = C192477115F5BD7800FD57BC /* com.dapetcu21.BetterFinderUninstaller */;
			productType = "com.apple.product-type.tool";
		};
		C19E051B15F4F72B00BF5DAD /* BetterFinder */ = {
			isa = PBXNativeTarget;
			buildConfigurationList = C19E053A15F4F72B00BF5DAD /* Build configuration list for PBXNativeTarget "BetterFinder" */;
			buildPhases = (
				C19E051815F4F72B00BF5DAD /* Sources */,
				C19E051915F4F72B00BF5DAD /* Frameworks */,
				C19E051A15F4F72B00BF5DAD /* Resources */,
				C19E053F15F4F76700BF5DAD /* CopyFiles */,
				C1B7753815F57A4E00ACDF06 /* Copy Files (2 items) */,
			);
			buildRules = (
			);
			dependencies = (
				C192478015F5BF2500FD57BC /* PBXTargetDependency */,
				C1B7753C15F57A6600ACDF06 /* PBXTargetDependency */,
				C19E056615F507F100BF5DAD /* PBXTargetDependency */,
			);
			name = BetterFinder;
			productName = BetterFinder;
			productReference = C19E051C15F4F72B00BF5DAD /* BetterFinder.app */;
			productType = "com.apple.product-type.application";
		};
		C19E055315F5065800BF5DAD /* BetterFinder-injected */ = {
			isa = PBXNativeTarget;
			buildConfigurationList = C19E055D15F5065800BF5DAD /* Build configuration list for PBXNativeTarget "BetterFinder-injected" */;
			buildPhases = (
				C19E055015F5065800BF5DAD /* Sources */,
				C19E055115F5065800BF5DAD /* Frameworks */,
				C19E055215F5065800BF5DAD /* Resources */,
			);
			buildRules = (
			);
			dependencies = (
			);
			name = "BetterFinder-injected";
			productName = "BetterFinder-injected";
			productReference = C19E055415F5065800BF5DAD /* BetterFinder-injected.bundle */;
			productType = "com.apple.product-type.bundle";
		};
		C1C1CFFE15F576ED0053040B /* BetterFinderDaemon */ = {
			isa = PBXNativeTarget;
			buildConfigurationList = C1C1D00615F576ED0053040B /* Build configuration list for PBXNativeTarget "BetterFinderDaemon" */;
			buildPhases = (
				C1C1CFFB15F576ED0053040B /* Sources */,
				C1C1CFFC15F576ED0053040B /* Frameworks */,
				C1C1CFFD15F576ED0053040B /* CopyFiles */,
			);
			buildRules = (
			);
			dependencies = (
			);
			name = BetterFinderDaemon;
			productName = BetterFinderDaemon;
			productReference = C1C1CFFF15F576ED0053040B /* com.dapetcu21.BetterFinderDaemon */;
			productType = "com.apple.product-type.tool";
		};
/* End PBXNativeTarget section */

/* Begin PBXProject section */
		C19E051315F4F72B00BF5DAD /* Project object */ = {
			isa = PBXProject;
			attributes = {
				LastUpgradeCheck = 0440;
				ORGANIZATIONNAME = "Marius Petcu";
			};
			buildConfigurationList = C19E051615F4F72B00BF5DAD /* Build configuration list for PBXProject "BetterFinder" */;
			compatibilityVersion = "Xcode 3.2";
			developmentRegion = English;
			hasScannedForEncodings = 0;
			knownRegions = (
				en,
			);
			mainGroup = C19E051115F4F72B00BF5DAD;
			productRefGroup = C19E051D15F4F72B00BF5DAD /* Products */;
			projectDirPath = "";
			projectRoot = "";
			targets = (
				C19E051B15F4F72B00BF5DAD /* BetterFinder */,
				C19E055315F5065800BF5DAD /* BetterFinder-injected */,
				C1C1CFFE15F576ED0053040B /* BetterFinderDaemon */,
				C192477015F5BD7800FD57BC /* BetterFinderUninstaller */,
			);
		};
/* End PBXProject section */

/* Begin PBXResourcesBuildPhase section */
		C19E051A15F4F72B00BF5DAD /* Resources */ = {
			isa = PBXResourcesBuildPhase;
			buildActionMask = 2147483647;
			files = (
				C19E056015F506E900BF5DAD /* BetterFinder-injected.bundle in Resources */,
				C19E052B15F4F72B00BF5DAD /* InfoPlist.strings in Resources */,
				C19E057615F528DB00BF5DAD /* Installer.xib in Resources */,
			);
			runOnlyForDeploymentPostprocessing = 0;
		};
		C19E055215F5065800BF5DAD /* Resources */ = {
			isa = PBXResourcesBuildPhase;
			buildActionMask = 2147483647;
			files = (
				C19E055B15F5065800BF5DAD /* InfoPlist.strings in Resources */,
			);
			runOnlyForDeploymentPostprocessing = 0;
		};
/* End PBXResourcesBuildPhase section */

/* Begin PBXSourcesBuildPhase section */
		C192476D15F5BD7800FD57BC /* Sources */ = {
			isa = PBXSourcesBuildPhase;
			buildActionMask = 2147483647;
			files = (
				C192477515F5BD7800FD57BC /* main.c in Sources */,
			);
			runOnlyForDeploymentPostprocessing = 0;
		};
		C19E051815F4F72B00BF5DAD /* Sources */ = {
			isa = PBXSourcesBuildPhase;
			buildActionMask = 2147483647;
			files = (
				C19E052D15F4F72B00BF5DAD /* main.m in Sources */,
				C1C1CFF015F5587B0053040B /* AppDelegate.m in Sources */,
			);
			runOnlyForDeploymentPostprocessing = 0;
		};
		C19E055015F5065800BF5DAD /* Sources */ = {
			isa = PBXSourcesBuildPhase;
			buildActionMask = 2147483647;
			files = (
				C19E056415F507AE00BF5DAD /* BetterFinder.m in Sources */,
				C192478A15F5F2C000FD57BC /* BFPrefPaneHooks.m in Sources */,
			);
			runOnlyForDeploymentPostprocessing = 0;
		};
		C1C1CFFB15F576ED0053040B /* Sources */ = {
			isa = PBXSourcesBuildPhase;
			buildActionMask = 2147483647;
			files = (
				C1C1D00315F576ED0053040B /* main.c in Sources */,
			);
			runOnlyForDeploymentPostprocessing = 0;
		};
/* End PBXSourcesBuildPhase section */

/* Begin PBXTargetDependency section */
		C192478015F5BF2500FD57BC /* PBXTargetDependency */ = {
			isa = PBXTargetDependency;
			target = C192477015F5BD7800FD57BC /* BetterFinderUninstaller */;
			targetProxy = C192477F15F5BF2500FD57BC /* PBXContainerItemProxy */;
		};
		C19E056615F507F100BF5DAD /* PBXTargetDependency */ = {
			isa = PBXTargetDependency;
			target = C19E055315F5065800BF5DAD /* BetterFinder-injected */;
			targetProxy = C19E056515F507F100BF5DAD /* PBXContainerItemProxy */;
		};
		C1B7753C15F57A6600ACDF06 /* PBXTargetDependency */ = {
			isa = PBXTargetDependency;
			target = C1C1CFFE15F576ED0053040B /* BetterFinderDaemon */;
			targetProxy = C1B7753B15F57A6600ACDF06 /* PBXContainerItemProxy */;
		};
/* End PBXTargetDependency section */

/* Begin PBXVariantGroup section */
		C19E052915F4F72B00BF5DAD /* InfoPlist.strings */ = {
			isa = PBXVariantGroup;
			children = (
				C19E052A15F4F72B00BF5DAD /* en */,
			);
			name = InfoPlist.strings;
			sourceTree = "<group>";
		};
		C19E055915F5065800BF5DAD /* InfoPlist.strings */ = {
			isa = PBXVariantGroup;
			children = (
				C19E055A15F5065800BF5DAD /* en */,
			);
			name = InfoPlist.strings;
			sourceTree = "<group>";
		};
/* End PBXVariantGroup section */

/* Begin XCBuildConfiguration section */
		C192477815F5BD7800FD57BC /* Debug */ = {
			isa = XCBuildConfiguration;
			buildSettings = {
				CODE_SIGN_IDENTITY = "Mac Developer";
				INFOPLIST_FILE = BetterFinderUninstaller/info.plist;
				INFOPLIST_PREPROCESS = YES;
				OTHER_LDFLAGS = (
					"-sectcreate",
					__TEXT,
					__info_plist,
					BetterFinderUninstaller/info.plist,
					"-sectcreate",
					__TEXT,
					__launchd_plist,
					BetterFinderUninstaller/launchd.plist,
				);
				PRODUCT_NAME = "com.dapetcu21.$(TARGET_NAME)";
				PROVISIONING_PROFILE = "";
			};
			name = Debug;
		};
		C192477915F5BD7800FD57BC /* Release */ = {
			isa = XCBuildConfiguration;
			buildSettings = {
				CODE_SIGN_IDENTITY = "Mac Developer";
				INFOPLIST_FILE = BetterFinderUninstaller/info.plist;
				INFOPLIST_OTHER_PREPROCESSOR_FLAGS = SMJOBBLESS_RELEASE;
				INFOPLIST_PREPROCESS = YES;
				OTHER_LDFLAGS = (
					"-sectcreate",
					__TEXT,
					__info_plist,
					BetterFinderUninstaller/info.plist,
					"-sectcreate",
					__TEXT,
					__launchd_plist,
					BetterFinderUninstaller/launchd.plist,
				);
				PRODUCT_NAME = "com.dapetcu21.$(TARGET_NAME)";
				PROVISIONING_PROFILE = "";
			};
			name = Release;
		};
		C19E053815F4F72B00BF5DAD /* Debug */ = {
			isa = XCBuildConfiguration;
			buildSettings = {
				ALWAYS_SEARCH_USER_PATHS = NO;
				ARCHS = "$(ARCHS_STANDARD_32_64_BIT)";
				CLANG_CXX_LANGUAGE_STANDARD = "gnu++0x";
				CLANG_WARN__DUPLICATE_METHOD_MATCH = YES;
				COPY_PHASE_STRIP = NO;
				GCC_C_LANGUAGE_STANDARD = gnu99;
				GCC_DYNAMIC_NO_PIC = NO;
				GCC_ENABLE_OBJC_EXCEPTIONS = YES;
				GCC_OPTIMIZATION_LEVEL = 0;
				GCC_PREPROCESSOR_DEFINITIONS = (
					"DEBUG=1",
					"$(inherited)",
				);
				GCC_SYMBOLS_PRIVATE_EXTERN = NO;
				GCC_WARN_64_TO_32_BIT_CONVERSION = YES;
				GCC_WARN_ABOUT_RETURN_TYPE = YES;
				GCC_WARN_UNINITIALIZED_AUTOS = YES;
				GCC_WARN_UNUSED_VARIABLE = YES;
				MACOSX_DEPLOYMENT_TARGET = 10.7;
				ONLY_ACTIVE_ARCH = YES;
				SDKROOT = macosx;
			};
			name = Debug;
		};
		C19E053915F4F72B00BF5DAD /* Release */ = {
			isa = XCBuildConfiguration;
			buildSettings = {
				ALWAYS_SEARCH_USER_PATHS = NO;
				ARCHS = "$(ARCHS_STANDARD_32_64_BIT)";
				CLANG_CXX_LANGUAGE_STANDARD = "gnu++0x";
				CLANG_WARN__DUPLICATE_METHOD_MATCH = YES;
				COPY_PHASE_STRIP = YES;
				DEBUG_INFORMATION_FORMAT = "dwarf-with-dsym";
				GCC_C_LANGUAGE_STANDARD = gnu99;
				GCC_ENABLE_OBJC_EXCEPTIONS = YES;
				GCC_WARN_64_TO_32_BIT_CONVERSION = YES;
				GCC_WARN_ABOUT_RETURN_TYPE = YES;
				GCC_WARN_UNINITIALIZED_AUTOS = YES;
				GCC_WARN_UNUSED_VARIABLE = YES;
				MACOSX_DEPLOYMENT_TARGET = 10.7;
				SDKROOT = macosx;
			};
			name = Release;
		};
		C19E053B15F4F72B00BF5DAD /* Debug */ = {
			isa = XCBuildConfiguration;
			buildSettings = {
				CODE_SIGN_IDENTITY = "Mac Developer";
				COMBINE_HIDPI_IMAGES = YES;
				FRAMEWORK_SEARCH_PATHS = (
					"$(inherited)",
					"\"$(SRCROOT)/BetterFinder\"",
				);
				INFOPLIST_FILE = "BetterFinder/BetterFinder-Info.plist";
				PRODUCT_NAME = "$(TARGET_NAME)";
				PROVISIONING_PROFILE = "";
				WRAPPER_EXTENSION = app;
			};
			name = Debug;
		};
		C19E053C15F4F72B00BF5DAD /* Release */ = {
			isa = XCBuildConfiguration;
			buildSettings = {
				CODE_SIGN_IDENTITY = "Mac Developer";
				COMBINE_HIDPI_IMAGES = YES;
				FRAMEWORK_SEARCH_PATHS = (
					"$(inherited)",
					"\"$(SRCROOT)/BetterFinder\"",
				);
				INFOPLIST_FILE = "BetterFinder/BetterFinder-Info.plist";
				PRODUCT_NAME = "$(TARGET_NAME)";
				PROVISIONING_PROFILE = "";
				WRAPPER_EXTENSION = app;
			};
			name = Release;
		};
		C19E055E15F5065800BF5DAD /* Debug */ = {
			isa = XCBuildConfiguration;
			buildSettings = {
				COMBINE_HIDPI_IMAGES = YES;
				GCC_PRECOMPILE_PREFIX_HEADER = YES;
				GCC_PREFIX_HEADER = "BetterFinder-injected/BetterFinder-injected-Prefix.pch";
				INFOPLIST_FILE = "BetterFinder-injected/BetterFinder-injected-Info.plist";
				INSTALL_PATH = "$(LOCAL_LIBRARY_DIR)/Bundles";
				PRODUCT_NAME = "$(TARGET_NAME)";
				WRAPPER_EXTENSION = bundle;
			};
			name = Debug;
		};
		C19E055F15F5065800BF5DAD /* Release */ = {
			isa = XCBuildConfiguration;
			buildSettings = {
				COMBINE_HIDPI_IMAGES = YES;
				GCC_PRECOMPILE_PREFIX_HEADER = YES;
				GCC_PREFIX_HEADER = "BetterFinder-injected/BetterFinder-injected-Prefix.pch";
				INFOPLIST_FILE = "BetterFinder-injected/BetterFinder-injected-Info.plist";
				INSTALL_PATH = "$(LOCAL_LIBRARY_DIR)/Bundles";
				PRODUCT_NAME = "$(TARGET_NAME)";
				WRAPPER_EXTENSION = bundle;
			};
			name = Release;
		};
		C1C1D00715F576ED0053040B /* Debug */ = {
			isa = XCBuildConfiguration;
			buildSettings = {
				CODE_SIGN_IDENTITY = "Mac Developer";
				INFOPLIST_FILE = BetterFinderDaemon/info.plist;
				INFOPLIST_PREPROCESS = YES;
				OTHER_LDFLAGS = (
					"-sectcreate",
					__TEXT,
					__info_plist,
					BetterFinderDaemon/info.plist,
					"-sectcreate",
					__TEXT,
					__launchd_plist,
					BetterFinderDaemon/launchd.plist,
				);
				PRODUCT_NAME = "com.dapetcu21.$(TARGET_NAME)";
				PROVISIONING_PROFILE = "";
			};
			name = Debug;
		};
		C1C1D00815F576ED0053040B /* Release */ = {
			isa = XCBuildConfiguration;
			buildSettings = {
				CODE_SIGN_IDENTITY = "Mac Developer";
				INFOPLIST_FILE = BetterFinderDaemon/info.plist;
				INFOPLIST_OTHER_PREPROCESSOR_FLAGS = SMJOBBLESS_RELEASE;
				INFOPLIST_PREPROCESS = YES;
				OTHER_LDFLAGS = (
					"-sectcreate",
					__TEXT,
					__info_plist,
					BetterFinderDaemon/info.plist,
					"-sectcreate",
					__TEXT,
					__launchd_plist,
					BetterFinderDaemon/launchd.plist,
				);
				PRODUCT_NAME = "com.dapetcu21.$(TARGET_NAME)";
				PROVISIONING_PROFILE = "";
			};
			name = Release;
		};
/* End XCBuildConfiguration section */

/* Begin XCConfigurationList section */
		C192477A15F5BD7800FD57BC /* Build configuration list for PBXNativeTarget "BetterFinderUninstaller" */ = {
			isa = XCConfigurationList;
			buildConfigurations = (
				C192477815F5BD7800FD57BC /* Debug */,
				C192477915F5BD7800FD57BC /* Release */,
			);
			defaultConfigurationIsVisible = 0;
		};
		C19E051615F4F72B00BF5DAD /* Build configuration list for PBXProject "BetterFinder" */ = {
			isa = XCConfigurationList;
			buildConfigurations = (
				C19E053815F4F72B00BF5DAD /* Debug */,
				C19E053915F4F72B00BF5DAD /* Release */,
			);
			defaultConfigurationIsVisible = 0;
			defaultConfigurationName = Release;
		};
		C19E053A15F4F72B00BF5DAD /* Build configuration list for PBXNativeTarget "BetterFinder" */ = {
			isa = XCConfigurationList;
			buildConfigurations = (
				C19E053B15F4F72B00BF5DAD /* Debug */,
				C19E053C15F4F72B00BF5DAD /* Release */,
			);
			defaultConfigurationIsVisible = 0;
			defaultConfigurationName = Release;
		};
		C19E055D15F5065800BF5DAD /* Build configuration list for PBXNativeTarget "BetterFinder-injected" */ = {
			isa = XCConfigurationList;
			buildConfigurations = (
				C19E055E15F5065800BF5DAD /* Debug */,
				C19E055F15F5065800BF5DAD /* Release */,
			);
			defaultConfigurationIsVisible = 0;
			defaultConfigurationName = Release;
		};
		C1C1D00615F576ED0053040B /* Build configuration list for PBXNativeTarget "BetterFinderDaemon" */ = {
			isa = XCConfigurationList;
			buildConfigurations = (
				C1C1D00715F576ED0053040B /* Debug */,
				C1C1D00815F576ED0053040B /* Release */,
			);
			defaultConfigurationIsVisible = 0;
			defaultConfigurationName = Release;
		};
/* End XCConfigurationList section */
	};
	rootObject = C19E051315F4F72B00BF5DAD /* Project object */;
}
